// !$*UTF8*$!
{
	archiveVersion = 1;
	classes = {
	};
	objectVersion = 50;
	objects = {

/* Begin PBXBuildFile section */
		F497CEE626D1E6BB00B9C635 /* AppDelegate.swift in Sources */ = {isa = PBXBuildFile; fileRef = F497CEE526D1E6BB00B9C635 /* AppDelegate.swift */; };
		F497CEE826D1E6BB00B9C635 /* SceneDelegate.swift in Sources */ = {isa = PBXBuildFile; fileRef = F497CEE726D1E6BB00B9C635 /* SceneDelegate.swift */; };
		F497CEEA26D1E6BB00B9C635 /* ViewController.swift in Sources */ = {isa = PBXBuildFile; fileRef = F497CEE926D1E6BB00B9C635 /* ViewController.swift */; };
		F497CEED26D1E6BB00B9C635 /* Main.storyboard in Resources */ = {isa = PBXBuildFile; fileRef = F497CEEB26D1E6BB00B9C635 /* Main.storyboard */; };
		F497CEEF26D1E6BD00B9C635 /* Assets.xcassets in Resources */ = {isa = PBXBuildFile; fileRef = F497CEEE26D1E6BD00B9C635 /* Assets.xcassets */; };
		F497CEF226D1E6BD00B9C635 /* LaunchScreen.storyboard in Resources */ = {isa = PBXBuildFile; fileRef = F497CEF026D1E6BD00B9C635 /* LaunchScreen.storyboard */; };
/* End PBXBuildFile section */

/* Begin PBXFileReference section */
		F497CEE226D1E6BB00B9C635 /* TARGET.app */ = {isa = PBXFileReference; explicitFileType = wrapper.application; includeInIndex = 0; path = TARGET.app; sourceTree = BUILT_PRODUCTS_DIR; };
		F497CEE526D1E6BB00B9C635 /* AppDelegate.swift */ = {isa = PBXFileReference; lastKnownFileType = sourcecode.swift; path = AppDelegate.swift; sourceTree = "<group>"; };
		F497CEE726D1E6BB00B9C635 /* SceneDelegate.swift */ = {isa = PBXFileReference; lastKnownFileType = sourcecode.swift; path = SceneDelegate.swift; sourceTree = "<group>"; };
		F497CEE926D1E6BB00B9C635 /* ViewController.swift */ = {isa = PBXFileReference; lastKnownFileType = sourcecode.swift; path = ViewController.swift; sourceTree = "<group>"; };
		F497CEEC26D1E6BB00B9C635 /* Base */ = {isa = PBXFileReference; lastKnownFileType = file.storyboard; name = Base; path = Base.lproj/Main.storyboard; sourceTree = "<group>"; };
		F497CEEE26D1E6BD00B9C635 /* Assets.xcassets */ = {isa = PBXFileReference; lastKnownFileType = folder.assetcatalog; path = Assets.xcassets; sourceTree = "<group>"; };
		F497CEF126D1E6BD00B9C635 /* Base */ = {isa = PBXFileReference; lastKnownFileType = file.storyboard; name = Base; path = Base.lproj/LaunchScreen.storyboard; sourceTree = "<group>"; };
		F497CEF326D1E6BD00B9C635 /* Info.plist */ = {isa = PBXFileReference; lastKnownFileType = text.plist.xml; path = Info.plist; sourceTree = "<group>"; };
/* End PBXFileReference section */

/* Begin PBXFrameworksBuildPhase section */
		F497CEDF26D1E6BB00B9C635 /* Frameworks */ = {
			isa = PBXFrameworksBuildPhase;
			buildActionMask = 2147483647;
			files = (
			);
			runOnlyForDeploymentPostprocessing = 0;
		};
/* End PBXFrameworksBuildPhase section */

/* Begin PBXGroup section */
		F497CED926D1E6BB00B9C635 = {
			isa = PBXGroup;
			children = (
				F497CEE426D1E6BB00B9C635 /* TARGET */,
				F497CEE326D1E6BB00B9C635 /* Products */,
			);
			sourceTree = "<group>";
		};
		F497CEE326D1E6BB00B9C635 /* Products */ = {
			isa = PBXGroup;
			children = (
				F497CEE226D1E6BB00B9C635 /* TARGET.app */,
			);
			name = Products;
			sourceTree = "<group>";
		};
		F497CEE426D1E6BB00B9C635 /* TARGET */ = {
			isa = PBXGroup;
			children = (
				F497CEE526D1E6BB00B9C635 /* AppDelegate.swift */,
				F497CEE726D1E6BB00B9C635 /* SceneDelegate.swift */,
				F497CEE926D1E6BB00B9C635 /* ViewController.swift */,
				F497CEEB26D1E6BB00B9C635 /* Main.storyboard */,
				F497CEEE26D1E6BD00B9C635 /* Assets.xcassets */,
				F497CEF026D1E6BD00B9C635 /* LaunchScreen.storyboard */,
				F497CEF326D1E6BD00B9C635 /* Info.plist */,
			);
			path = TARGET;
			sourceTree = "<group>";
		};
/* End PBXGroup section */

/* Begin PBXNativeTarget section */
		F497CEE126D1E6BB00B9C635 /* TARGET */ = {
			isa = PBXNativeTarget;
			buildConfigurationList = F497CEF626D1E6BD00B9C635 /* Build configuration list for PBXNativeTarget "TARGET" */;
			buildPhases = (
				F497CEDE26D1E6BB00B9C635 /* Sources */,
				F497CEDF26D1E6BB00B9C635 /* Frameworks */,
				F497CEE026D1E6BB00B9C635 /* Resources */,
			);
			buildRules = (
			);
			dependencies = (
			);
			name = TARGET;
			productName = TARGET;
			productReference = F497CEE226D1E6BB00B9C635 /* TARGET.app */;
			productType = "com.apple.product-type.application";
		};
/* End PBXNativeTarget section */

/* Begin PBXProject section */
		F497CEDA26D1E6BB00B9C635 /* Project object */ = {
			isa = PBXProject;
			attributes = {
				LastSwiftUpdateCheck = 1250;
				LastUpgradeCheck = 1250;
				TargetAttributes = {
					F497CEE126D1E6BB00B9C635 = {
						CreatedOnToolsVersion = 12.5;
					};
				};
			};
			buildConfigurationList = F497CEDD26D1E6BB00B9C635 /* Build configuration list for PBXProject "TARGET" */;
			compatibilityVersion = "Xcode 9.3";
			developmentRegion = en;
			hasScannedForEncodings = 0;
			knownRegions = (
				en,
				Base,
			);
			mainGroup = F497CED926D1E6BB00B9C635;
			productRefGroup = F497CEE326D1E6BB00B9C635 /* Products */;
			projectDirPath = "";
			projectRoot = "";
			targets = (
				F497CEE126D1E6BB00B9C635 /* TARGET */,
			);
		};
/* End PBXProject section */

/* Begin PBXResourcesBuildPhase section */
		F497CEE026D1E6BB00B9C635 /* Resources */ = {
			isa = PBXResourcesBuildPhase;
			buildActionMask = 2147483647;
			files = (
				F497CEF226D1E6BD00B9C635 /* LaunchScreen.storyboard in Resources */,
				F497CEEF26D1E6BD00B9C635 /* Assets.xcassets in Resources */,
				F497CEED26D1E6BB00B9C635 /* Main.storyboard in Resources */,
			);
			runOnlyForDeploymentPostprocessing = 0;
		};
/* End PBXResourcesBuildPhase section */

/* Begin PBXSourcesBuildPhase section */
		F497CEDE26D1E6BB00B9C635 /* Sources */ = {
			isa = PBXSourcesBuildPhase;
			buildActionMask = 2147483647;
			files = (
				F497CEEA26D1E6BB00B9C635 /* ViewController.swift in Sources */,
				F497CEE626D1E6BB00B9C635 /* AppDelegate.swift in Sources */,
				F497CEE826D1E6BB00B9C635 /* SceneDelegate.swift in Sources */,
			);
			runOnlyForDeploymentPostprocessing = 0;
		};
/* End PBXSourcesBuildPhase section */

/* Begin PBXVariantGroup section */
		F497CEEB26D1E6BB00B9C635 /* Main.storyboard */ = {
			isa = PBXVariantGroup;
			children = (
				F497CEEC26D1E6BB00B9C635 /* Base */,
			);
			name = Main.storyboard;
			sourceTree = "<group>";
		};
		F497CEF026D1E6BD00B9C635 /* LaunchScreen.storyboard */ = {
			isa = PBXVariantGroup;
			children = (
				F497CEF126D1E6BD00B9C635 /* Base */,
			);
			name = LaunchScreen.storyboard;
			sourceTree = "<group>";
		};
/* End PBXVariantGroup section */

/* Begin XCBuildConfiguration section */
		F497CEF426D1E6BD00B9C635 /* Debug */ = {
			isa = XCBuildConfiguration;
			buildSettings = {
				ALWAYS_SEARCH_USER_PATHS = NO;
				CLANG_ANALYZER_NONNULL = YES;
				CLANG_ANALYZER_NUMBER_OBJECT_CONVERSION = YES_AGGRESSIVE;
				CLANG_CXX_LANGUAGE_STANDARD = "gnu++14";
				CLANG_CXX_LIBRARY = "libc++";
				CLANG_ENABLE_MODULES = YES;
				CLANG_ENABLE_OBJC_ARC = YES;
				CLANG_ENABLE_OBJC_WEAK = YES;
				CLANG_WARN_BLOCK_CAPTURE_AUTORELEASING = YES;
				CLANG_WARN_BOOL_CONVERSION = YES;
				CLANG_WARN_COMMA = YES;
				CLANG_WARN_CONSTANT_CONVERSION = YES;
				CLANG_WARN_DEPRECATED_OBJC_IMPLEMENTATIONS = YES;
				CLANG_WARN_DIRECT_OBJC_ISA_USAGE = YES_ERROR;
				CLANG_WARN_DOCUMENTATION_COMMENTS = YES;
				CLANG_WARN_EMPTY_BODY = YES;
				CLANG_WARN_ENUM_CONVERSION = YES;
				CLANG_WARN_INFINITE_RECURSION = YES;
				CLANG_WARN_INT_CONVERSION = YES;
				CLANG_WARN_NON_LITERAL_NULL_CONVERSION = YES;
				CLANG_WARN_OBJC_IMPLICIT_RETAIN_SELF = YES;
				CLANG_WARN_OBJC_LITERAL_CONVERSION = YES;
				CLANG_WARN_OBJC_ROOT_CLASS = YES_ERROR;
				CLANG_WARN_QUOTED_INCLUDE_IN_FRAMEWORK_HEADER = YES;
				CLANG_WARN_RANGE_LOOP_ANALYSIS = YES;
				CLANG_WARN_STRICT_PROTOTYPES = YES;
				CLANG_WARN_SUSPICIOUS_MOVE = YES;
				CLANG_WARN_UNGUARDED_AVAILABILITY = YES_AGGRESSIVE;
				CLANG_WARN_UNREACHABLE_CODE = YES;
				CLANG_WARN__DUPLICATE_METHOD_MATCH = YES;
				COPY_PHASE_STRIP = NO;
				DEBUG_INFORMATION_FORMAT = dwarf;
				ENABLE_STRICT_OBJC_MSGSEND = YES;
				ENABLE_TESTABILITY = YES;
				GCC_C_LANGUAGE_STANDARD = gnu11;
				GCC_DYNAMIC_NO_PIC = NO;
				GCC_NO_COMMON_BLOCKS = YES;
				GCC_OPTIMIZATION_LEVEL = 0;
				GCC_PREPROCESSOR_DEFINITIONS = (
					"DEBUG=1",
					"$(inherited)",
				);
				GCC_WARN_64_TO_32_BIT_CONVERSION = YES;
				GCC_WARN_ABOUT_RETURN_TYPE = YES_ERROR;
				GCC_WARN_UNDECLARED_SELECTOR = YES;
				GCC_WARN_UNINITIALIZED_AUTOS = YES_AGGRESSIVE;
				GCC_WARN_UNUSED_FUNCTION = YES;
				GCC_WARN_UNUSED_VARIABLE = YES;
				IPHONEOS_DEPLOYMENT_TARGET = 14.5;
				MTL_ENABLE_DEBUG_INFO = INCLUDE_SOURCE;
				MTL_FAST_MATH = YES;
				ONLY_ACTIVE_ARCH = YES;
				SDKROOT = iphoneos;
				SWIFT_ACTIVE_COMPILATION_CONDITIONS = DEBUG;
				SWIFT_OPTIMIZATION_LEVEL = "-Onone";
			};
			name = Debug;
		};
		F497CEF526D1E6BD00B9C635 /* Release */ = {
			isa = XCBuildConfiguration;
			buildSettings = {
				ALWAYS_SEARCH_USER_PATHS = NO;
				CLANG_ANALYZER_NONNULL = YES;
				CLANG_ANALYZER_NUMBER_OBJECT_CONVERSION = YES_AGGRESSIVE;
				CLANG_CXX_LANGUAGE_STANDARD = "gnu++14";
				CLANG_CXX_LIBRARY = "libc++";
				CLANG_ENABLE_MODULES = YES;
				CLANG_ENABLE_OBJC_ARC = YES;
				CLANG_ENABLE_OBJC_WEAK = YES;
				CLANG_WARN_BLOCK_CAPTURE_AUTORELEASING = YES;
				CLANG_WARN_BOOL_CONVERSION = YES;
				CLANG_WARN_COMMA = YES;
				CLANG_WARN_CONSTANT_CONVERSION = YES;
				CLANG_WARN_DEPRECATED_OBJC_IMPLEMENTATIONS = YES;
				CLANG_WARN_DIRECT_OBJC_ISA_USAGE = YES_ERROR;
				CLANG_WARN_DOCUMENTATION_COMMENTS = YES;
				CLANG_WARN_EMPTY_BODY = YES;
				CLANG_WARN_ENUM_CONVERSION = YES;
				CLANG_WARN_INFINITE_RECURSION = YES;
				CLANG_WARN_INT_CONVERSION = YES;
				CLANG_WARN_NON_LITERAL_NULL_CONVERSION = YES;
				CLANG_WARN_OBJC_IMPLICIT_RETAIN_SELF = YES;
				CLANG_WARN_OBJC_LITERAL_CONVERSION = YES;
				CLANG_WARN_OBJC_ROOT_CLASS = YES_ERROR;
				CLANG_WARN_QUOTED_INCLUDE_IN_FRAMEWORK_HEADER = YES;
				CLANG_WARN_RANGE_LOOP_ANALYSIS = YES;
				CLANG_WARN_STRICT_PROTOTYPES = YES;
				CLANG_WARN_SUSPICIOUS_MOVE = YES;
				CLANG_WARN_UNGUARDED_AVAILABILITY = YES_AGGRESSIVE;
				CLANG_WARN_UNREACHABLE_CODE = YES;
				CLANG_WARN__DUPLICATE_METHOD_MATCH = YES;
				COPY_PHASE_STRIP = NO;
				DEBUG_INFORMATION_FORMAT = "dwarf-with-dsym";
				ENABLE_NS_ASSERTIONS = NO;
				ENABLE_STRICT_OBJC_MSGSEND = YES;
				GCC_C_LANGUAGE_STANDARD = gnu11;
				GCC_NO_COMMON_BLOCKS = YES;
				GCC_WARN_64_TO_32_BIT_CONVERSION = YES;
				GCC_WARN_ABOUT_RETURN_TYPE = YES_ERROR;
				GCC_WARN_UNDECLARED_SELECTOR = YES;
				GCC_WARN_UNINITIALIZED_AUTOS = YES_AGGRESSIVE;
				GCC_WARN_UNUSED_FUNCTION = YES;
				GCC_WARN_UNUSED_VARIABLE = YES;
				IPHONEOS_DEPLOYMENT_TARGET = 14.5;
				MTL_ENABLE_DEBUG_INFO = NO;
				MTL_FAST_MATH = YES;
				SDKROOT = iphoneos;
				SWIFT_COMPILATION_MODE = wholemodule;
				SWIFT_OPTIMIZATION_LEVEL = "-O";
				VALIDATE_PRODUCT = YES;
			};
			name = Release;
		};
		F497CEF726D1E6BD00B9C635 /* Debug */ = {
			isa = XCBuildConfiguration;
			buildSettings = {
				ASSETCATALOG_COMPILER_APPICON_NAME = AppIcon;
				ASSETCATALOG_COMPILER_GLOBAL_ACCENT_COLOR_NAME = AccentColor;
				CODE_SIGN_STYLE = Automatic;
				DEVELOPMENT_TEAM = 7XLJ4BB85J;
				INFOPLIST_FILE = TARGET/Info.plist;
				LD_RUNPATH_SEARCH_PATHS = (
					"$(inherited)",
					"@executable_path/Frameworks",
				);
				PRODUCT_BUNDLE_IDENTIFIER = S.K.A..TARGET;
				PRODUCT_NAME = "$(TARGET_NAME)";
				SWIFT_VERSION = 5.0;
				TARGETED_DEVICE_FAMILY = "1,2";
			};
			name = Debug;
		};
		F497CEF826D1E6BD00B9C635 /* Release */ = {
			isa = XCBuildConfiguration;
			buildSettings = {
				ASSETCATALOG_COMPILER_APPICON_NAME = AppIcon;
				ASSETCATALOG_COMPILER_GLOBAL_ACCENT_COLOR_NAME = AccentColor;
				CODE_SIGN_STYLE = Automatic;
				DEVELOPMENT_TEAM = 7XLJ4BB85J;
				INFOPLIST_FILE = TARGET/Info.plist;
				LD_RUNPATH_SEARCH_PATHS = (
					"$(inherited)",
					"@executable_path/Frameworks",
				);
				PRODUCT_BUNDLE_IDENTIFIER = S.K.A..TARGET;
				PRODUCT_NAME = "$(TARGET_NAME)";
				SWIFT_VERSION = 5.0;
				TARGETED_DEVICE_FAMILY = "1,2";
			};
			name = Release;
		};
/* End XCBuildConfiguration section */

/* Begin XCConfigurationList section */
		F497CEDD26D1E6BB00B9C635 /* Build configuration list for PBXProject "TARGET" */ = {
			isa = XCConfigurationList;
			buildConfigurations = (
				F497CEF426D1E6BD00B9C635 /* Debug */,
				F497CEF526D1E6BD00B9C635 /* Release */,
			);
			defaultConfigurationIsVisible = 0;
			defaultConfigurationName = Release;
		};
		F497CEF626D1E6BD00B9C635 /* Build configuration list for PBXNativeTarget "TARGET" */ = {
			isa = XCConfigurationList;
			buildConfigurations = (
				F497CEF726D1E6BD00B9C635 /* Debug */,
				F497CEF826D1E6BD00B9C635 /* Release */,
			);
			defaultConfigurationIsVisible = 0;
			defaultConfigurationName = Release;
		};
/* End XCConfigurationList section */
	};
	rootObject = F497CEDA26D1E6BB00B9C635 /* Project object */;
}
